{
  "version": 4,
  "terraform_version": "1.2.8",
  "serial": 27,
  "lineage": "93fd011b-7997-3420-ec2f-95b7d882086a",
  "outputs": {
    "public_ip": {
      "value": "44.203.255.137",
      "type": "string"
    }
  },
  "resources": [
    {
      "mode": "managed",
      "type": "aws_instance",
      "name": "jenkins",
      "provider": "provider[\"registry.terraform.io/hashicorp/aws\"]",
      "instances": [
        {
          "schema_version": 1,
          "attributes": {
            "ami": "ami-052efd3df9dad4825",
            "arn": "arn:aws:ec2:us-east-1:625171825291:instance/i-071f6d5166228fb02",
            "associate_public_ip_address": true,
            "availability_zone": "us-east-1c",
            "capacity_reservation_specification": [
              {
                "capacity_reservation_preference": "open",
                "capacity_reservation_target": []
              }
            ],
            "cpu_core_count": 1,
            "cpu_threads_per_core": 1,
            "credit_specification": [
              {
                "cpu_credits": "standard"
              }
            ],
            "disable_api_stop": false,
            "disable_api_termination": false,
            "ebs_block_device": [],
            "ebs_optimized": false,
            "enclave_options": [
              {
                "enabled": false
              }
            ],
            "ephemeral_block_device": [],
            "get_password_data": false,
            "hibernation": false,
            "host_id": null,
            "host_resource_group_arn": null,
            "iam_instance_profile": "",
            "id": "i-071f6d5166228fb02",
            "instance_initiated_shutdown_behavior": "stop",
            "instance_state": "running",
            "instance_type": "t2.micro",
            "ipv6_address_count": 0,
            "ipv6_addresses": [],
            "key_name": "jenkins",
            "launch_template": [],
            "maintenance_options": [
              {
                "auto_recovery": "default"
              }
            ],
            "metadata_options": [
              {
                "http_endpoint": "enabled",
                "http_put_response_hop_limit": 1,
                "http_tokens": "optional",
                "instance_metadata_tags": "disabled"
              }
            ],
            "monitoring": false,
            "network_interface": [],
            "outpost_arn": "",
            "password_data": "",
            "placement_group": "",
            "placement_partition_number": null,
            "primary_network_interface_id": "eni-08a128fc38294d695",
            "private_dns": "ip-172-31-80-203.ec2.internal",
            "private_dns_name_options": [
              {
                "enable_resource_name_dns_a_record": false,
                "enable_resource_name_dns_aaaa_record": false,
                "hostname_type": "ip-name"
              }
            ],
            "private_ip": "172.31.80.203",
            "public_dns": "ec2-44-203-255-137.compute-1.amazonaws.com",
            "public_ip": "44.203.255.137",
            "root_block_device": [
              {
                "delete_on_termination": true,
                "device_name": "/dev/sda1",
                "encrypted": false,
                "iops": 100,
                "kms_key_id": "",
                "tags": {},
                "throughput": 0,
                "volume_id": "vol-0accd6062edfbf469",
                "volume_size": 8,
                "volume_type": "gp2"
              }
            ],
            "secondary_private_ips": [],
            "security_groups": [
              "default"
            ],
            "source_dest_check": true,
            "subnet_id": "subnet-add2f98c",
            "tags": {
              "environment": "dev",
              "name": "jenkins",
              "provisioner": "terraform",
              "repo": "gitlab"
            },
            "tags_all": {
              "environment": "dev",
              "name": "jenkins",
              "provisioner": "terraform",
              "repo": "gitlab"
            },
            "tenancy": "default",
            "timeouts": null,
            "user_data": null,
            "user_data_base64": null,
            "user_data_replace_on_change": false,
            "volume_tags": null,
            "vpc_security_group_ids": [
              "sg-f332c7e2"
            ]
          },
          "sensitive_attributes": [],
          "private": "eyJlMmJmYjczMC1lY2FhLTExZTYtOGY4OC0zNDM2M2JjN2M0YzAiOnsiY3JlYXRlIjo2MDAwMDAwMDAwMDAsImRlbGV0ZSI6MTIwMDAwMDAwMDAwMCwidXBkYXRlIjo2MDAwMDAwMDAwMDB9LCJzY2hlbWFfdmVyc2lvbiI6IjEifQ==",
          "dependencies": [
            "aws_key_pair.this"
          ]
        }
      ]
    },
    {
      "mode": "managed",
      "type": "aws_key_pair",
      "name": "this",
      "provider": "provider[\"registry.terraform.io/hashicorp/aws\"]",
      "instances": [
        {
          "schema_version": 1,
          "attributes": {
            "arn": "arn:aws:ec2:us-east-1:625171825291:key-pair/jenkins",
            "fingerprint": "dc:b2:32:ab:68:af:08:85:33:3b:85:88:7d:b5:bb:8a",
            "id": "jenkins",
            "key_name": "jenkins",
            "key_name_prefix": "",
            "key_pair_id": "key-05a4903ae16ee89a2",
            "key_type": "rsa",
            "public_key": "ssh-rsa AAAAB3NzaC1yc2EAAAADAQABAAABgQC8yM+WNFvN/cC0PVO7PAysHu2hdckHcR+79S2IStYy4eneOTnSj3PC6jBRLnlkCTopbZHXgwdeV4Nzm8zx1DjC0pQmhULRRj7QpUgx0k9GoSSfs0OjjZxHjq1TGz+axtD+c31bbonmaLa7VPVAN2ljZNwXP6xTWkj0mdFXn2UAmelno8fCS8UWi6Hv6da5vq2x9UNufbRuiMkwAWdImpVR+EnJBTaYrB8sJBE15ehjS1/VNYMLc8rY8vmxfgrxnxdQRpTV6vkXOf8gik96d6q8QozJivHHNFhZfgUSOwbnWY87z+vgZ+Ufhm8/l2VtreCd076JkncRZQRUvZOuMX04mdwEW7lu6TVyIPw1/gotPZpmdIxqKN1UC+ymcZVYigVUIzLByiJG0ZPNIqXDR9TlW66GFH70cdAz8TS2AogaqYttlZk1sAfRlp7Uk5+Q2h53vnnCQ+u7kCc3Nxd3xxCQsj2LE2Zsb2vAjsPzF+PNW3HWVlEc9tqfv6KP3cuRl2s= paulo@ubuntao",
            "tags": null,
            "tags_all": {}
          },
          "sensitive_attributes": [],
          "private": "eyJzY2hlbWFfdmVyc2lvbiI6IjEifQ=="
        }
      ]
    }
  ]
}
